{
  "name": "app",
  "requires": true,
  "lockfileVersion": 1,
  "dependencies": {
    "@hotwired/stimulus": {
      "version": "3.0.1"
    },
    "@hotwired/turbo": {
      "version": "7.1.0",
      "resolved": "https://registry.npmjs.org/@hotwired/turbo/-/turbo-7.1.0.tgz",
      "integrity": "sha512-Q8kGjqwPqER+CtpQudbH+3Zgs2X4zb6pBAlr6NsKTXadg45pAOvxI9i4QpuHbwSzR2+x87HUm+rot9F/Pe8rxA=="
    },
    "@hotwired/turbo-rails": {
      "version": "7.1.1",
      "requires": {
        "@hotwired/turbo": "^7.1.0",
        "@rails/actioncable": "^7.0"
      }
    },
    "@popperjs/core": {
      "version": "2.11.2"
    },
    "@rails/actioncable": {
      "version": "7.0.1",
      "resolved": "https://registry.npmjs.org/@rails/actioncable/-/actioncable-7.0.1.tgz",
      "integrity": "sha512-lbGc1z2RXdiWZJE/8o2GSe2gek82EoKd2YvjRrqV//0J3/JImONUYwZ2XPmS1R9R2oth1XlIG0YidqdeTty0TA=="
    },
    "anymatch": {
      "version": "3.1.2",
      "resolved": "https://registry.npmjs.org/anymatch/-/anymatch-3.1.2.tgz",
      "integrity": "sha512-P43ePfOAIupkguHUycrc4qJ9kz8ZiuOUijaETwX7THt0Y/GNK7v0aa8rY816xWjZ7rJdA5XdMcpVFTKMq+RvWg==",
      "requires": {
        "normalize-path": "^3.0.0",
        "picomatch": "^2.0.4"
      }
    },
    "binary-extensions": {
      "version": "2.2.0",
      "resolved": "https://registry.npmjs.org/binary-extensions/-/binary-extensions-2.2.0.tgz",
      "integrity": "sha512-jDctJ/IVQbZoJykoeHbhXpOlNBqGNcwXJKJog42E5HDPUwQTSdjCHdihjj0DlnheQ7blbT6dHOafNAiS8ooQKA=="
    },
    "bootstrap": {
      "version": "5.1.3"
    },
    "braces": {
      "version": "3.0.2",
      "resolved": "https://registry.npmjs.org/braces/-/braces-3.0.2.tgz",
      "integrity": "sha512-b8um+L1RzM3WDSzvhm6gIz1yfTbBt6YTlcEKAvsmqCZZFw46z626lVj9j1yEPW33H5H+lBQpZMP1k8l+78Ha0A==",
      "requires": {
        "fill-range": "^7.0.1"
      }
    },
    "chokidar": {
      "version": "3.5.3",
      "resolved": "https://registry.npmjs.org/chokidar/-/chokidar-3.5.3.tgz",
      "integrity": "sha512-Dr3sfKRP6oTcjf2JmUmFJfeVMvXBdegxB0iVQ5eb2V10uFJUCAS8OByZdVAyVb8xXNz3GjjTgj9kLWsZTqE6kw==",
      "requires": {
        "anymatch": "~3.1.2",
        "braces": "~3.0.2",
        "fsevents": "~2.3.2",
        "glob-parent": "~5.1.2",
        "is-binary-path": "~2.1.0",
        "is-glob": "~4.0.1",
        "normalize-path": "~3.0.0",
        "readdirp": "~3.6.0"
      }
    },
    "esbuild": {
      "version": "0.14.15",
      "resolved": "https://registry.npmjs.org/esbuild/-/esbuild-0.14.15.tgz",
      "integrity": "sha512-HfqoMPCSwu/VrHwZFpw7Sb/w9D9mO+cSMfFRKGZKOkme/o5nHdWjF6H5Ss1cOt/JNpqJfGOYbKFbW7jKdEWogw==",
      "requires": {
        "esbuild-android-arm64": "0.14.15",
        "esbuild-darwin-64": "0.14.15",
        "esbuild-darwin-arm64": "0.14.15",
        "esbuild-freebsd-64": "0.14.15",
        "esbuild-freebsd-arm64": "0.14.15",
        "esbuild-linux-32": "0.14.15",
        "esbuild-linux-64": "0.14.15",
        "esbuild-linux-arm": "0.14.15",
        "esbuild-linux-arm64": "0.14.15",
        "esbuild-linux-mips64le": "0.14.15",
        "esbuild-linux-ppc64le": "0.14.15",
        "esbuild-linux-s390x": "0.14.15",
        "esbuild-netbsd-64": "0.14.15",
        "esbuild-openbsd-64": "0.14.15",
        "esbuild-sunos-64": "0.14.15",
        "esbuild-windows-32": "0.14.15",
        "esbuild-windows-64": "0.14.15",
        "esbuild-windows-arm64": "0.14.15"
      }
    },
    "esbuild-android-arm64": {
      "version": "0.14.15",
      "resolved": "https://registry.npmjs.org/esbuild-android-arm64/-/esbuild-android-arm64-0.14.15.tgz",
      "integrity": "sha512-MXfSrLpK32SqJXGvNOQmUbs06K+kFtZg8uNBcxrsvxDjjI42EXerq+QGdD3zQO1RzbqU1W7c15qAoeQOzwKJxA==",
      "optional": true
    },
    "esbuild-darwin-64": {
      "version": "0.14.15",
      "resolved": "https://registry.npmjs.org/esbuild-darwin-64/-/esbuild-darwin-64-0.14.15.tgz",
      "integrity": "sha512-leGh21rMfhZq0Rq5Y5xwuhFW6cJ5lxIkTfHSBWtXjicwD5bHACRonaKqcSQRQtUnjfd6mQUdNPH47DOg6ACHLA==",
      "optional": true
    },
    "esbuild-darwin-arm64": {
      "version": "0.14.15",
      "resolved": "https://registry.npmjs.org/esbuild-darwin-arm64/-/esbuild-darwin-arm64-0.14.15.tgz",
      "integrity": "sha512-W0e16PACxu/iYpRtSq8fijelsZhKy99uDZEBwtoqEpLF2KZD5/Sz9IfwaVDqm/Q3yEqrf30TGbIJoMc9KNakuQ==",
      "optional": true
    },
    "esbuild-freebsd-64": {
      "version": "0.14.15",
      "resolved": "https://registry.npmjs.org/esbuild-freebsd-64/-/esbuild-freebsd-64-0.14.15.tgz",
      "integrity": "sha512-heArH9Z0j9WUJd5zLMSnEZ5eJv0iyJpHNOfDqJyFWMic1UNiD5Akpwfhs+4/zNNf8zKjovmBMQyfbd4i2UyrtA==",
      "optional": true
    },
    "esbuild-freebsd-arm64": {
      "version": "0.14.15",
      "resolved": "https://registry.npmjs.org/esbuild-freebsd-arm64/-/esbuild-freebsd-arm64-0.14.15.tgz",
      "integrity": "sha512-B9ZR1WXCTSKef9br2SeyKkFqd0xCkOu/alJxdiXs7QnYqydvYmr8LHAW/kq9fufCU3XUzKNr6kKMg4a61yxZsg==",
      "optional": true
    },
    "esbuild-linux-32": {
      "version": "0.14.15",
      "resolved": "https://registry.npmjs.org/esbuild-linux-32/-/esbuild-linux-32-0.14.15.tgz",
      "integrity": "sha512-vmClHfPbQCt+E388OTp1b8mo6SnU63ARwlCise/IZZ5XzbAP9Oi3SCCDpZTpLJl0df0bu5xcagZo8fJt1O/3lg==",
      "optional": true
    },
    "esbuild-linux-64": {
      "version": "0.14.15",
      "resolved": "https://registry.npmjs.org/esbuild-linux-64/-/esbuild-linux-64-0.14.15.tgz",
      "integrity": "sha512-iQLc0KVOYZD7NL5UWrox6hhlE4Jr4mF2xi2EaBR/ntR1T9PUvUrz7hdKiWos8Wtv5Ma05tt+HBRKOmseSTc5Gg==",
      "optional": true
    },
    "esbuild-linux-arm": {
      "version": "0.14.15",
      "resolved": "https://registry.npmjs.org/esbuild-linux-arm/-/esbuild-linux-arm-0.14.15.tgz",
      "integrity": "sha512-rMzfdyZTsg27GbWSc2v/z1OVjrPsWAr8zOPkk/6SX4qrChzd3jxw19gLKm/SMfy5lZfkOFfqJhAuInRg+6/KJg==",
      "optional": true
    },
    "esbuild-linux-arm64": {
      "version": "0.14.15",
      "resolved": "https://registry.npmjs.org/esbuild-linux-arm64/-/esbuild-linux-arm64-0.14.15.tgz",
      "integrity": "sha512-OCqCON/ZQBGa0dfqNJ86fSa6zTO0MOR7lT+UGoKShx6G74WuEuTA2HrlOShcCSHr8Ttzc0AoGJJHhZ9ZRNWsPQ==",
      "optional": true
    },
    "esbuild-linux-mips64le": {
      "version": "0.14.15",
      "resolved": "https://registry.npmjs.org/esbuild-linux-mips64le/-/esbuild-linux-mips64le-0.14.15.tgz",
      "integrity": "sha512-ODngnCio7L5pW9hYRdX3fZRw8HrlBm+MDU7hCgZK8kvZz35ba3mt4brKtCDwD98UFP89JYSSNQIsP2xLH/M/Sg==",
      "optional": true
    },
    "esbuild-linux-ppc64le": {
      "version": "0.14.15",
      "resolved": "https://registry.npmjs.org/esbuild-linux-ppc64le/-/esbuild-linux-ppc64le-0.14.15.tgz",
      "integrity": "sha512-9ubsGxM0qNWNVds5qCEWBRuxNeDFDJeTylsZsIo30pMy8rdgR5awNmHJalBg9qIS8nsPmFkTRqAo1hZlOIpZGQ==",
      "optional": true
    },
    "esbuild-linux-s390x": {
      "version": "0.14.15",
      "resolved": "https://registry.npmjs.org/esbuild-linux-s390x/-/esbuild-linux-s390x-0.14.15.tgz",
      "integrity": "sha512-F92Ca0EqpidlnobeTyCIWtgKangl7TQRByTeQMwraQUUPpwuSS0qN2APQAgwabhtF7ANxVY7UGlUIqNVApVz7Q==",
      "optional": true
    },
    "esbuild-netbsd-64": {
      "version": "0.14.15",
      "resolved": "https://registry.npmjs.org/esbuild-netbsd-64/-/esbuild-netbsd-64-0.14.15.tgz",
      "integrity": "sha512-jk+lgFOQL0ja1zrygM0r7oQQMKj5TTvALI30qk7yAxodcT9fNebschedJfAha6Up5sdGEe/32Gu4yb4xagmEJA==",
      "optional": true
    },
    "esbuild-openbsd-64": {
      "version": "0.14.15",
      "resolved": "https://registry.npmjs.org/esbuild-openbsd-64/-/esbuild-openbsd-64-0.14.15.tgz",
      "integrity": "sha512-jXMvH4UMZkFfzioifOxiSC/7PuxyJD3EXrWIhqsHsmjuCs5hreuo9aA3oIlIjk5D9AqHsXS50JrUGG1VAz4mPw==",
      "optional": true
    },
    "esbuild-sunos-64": {
      "version": "0.14.15",
      "resolved": "https://registry.npmjs.org/esbuild-sunos-64/-/esbuild-sunos-64-0.14.15.tgz",
      "integrity": "sha512-J8JsJ/Kg9U3hnKdAmRkDVVR215kYuNWlINgYeCSqNayqRi6+lc41DHxsoV2k048YYLHIn9mTWH0xS3BPUJzKXA==",
      "optional": true
    },
    "esbuild-windows-32": {
      "version": "0.14.15",
      "resolved": "https://registry.npmjs.org/esbuild-windows-32/-/esbuild-windows-32-0.14.15.tgz",
      "integrity": "sha512-S6tkET6DXg8mM+2yYutC1JQeS4EtztU6GTE0ff9tHoZekdc91n2LUChmZvHbTI0MZDBy+hYgc9f7pVbVqbEL0g==",
      "optional": true
    },
    "esbuild-windows-64": {
      "version": "0.14.15",
      "resolved": "https://registry.npmjs.org/esbuild-windows-64/-/esbuild-windows-64-0.14.15.tgz",
      "integrity": "sha512-xi5SfDNKXL6D98vEnCa0Wq35ULPTkypHOGzBwsSBhmv1+k3YeuwXNxyJLumElibfTZGVSEmH+hhCjCEPbeJgrg==",
      "optional": true
    },
    "esbuild-windows-arm64": {
      "version": "0.14.15",
      "resolved": "https://registry.npmjs.org/esbuild-windows-arm64/-/esbuild-windows-arm64-0.14.15.tgz",
      "integrity": "sha512-ylLqTXQoj87OMejTajYOpBXCCxkHo5CpFnDztPZZ34QPGyzUpd4+R4H8hW37GhwywU1Fu5/typBD+AbKe1PwFQ==",
      "optional": true
    },
    "fill-range": {
      "version": "7.0.1",
      "resolved": "https://registry.npmjs.org/fill-range/-/fill-range-7.0.1.tgz",
      "integrity": "sha512-qOo9F+dMUmC2Lcb4BbVvnKJxTPjCm+RRpe4gDuGrzkL7mEVl/djYSu2OdQ2Pa302N4oqkSg9ir6jaLWJ2USVpQ==",
      "requires": {
        "to-regex-range": "^5.0.1"
      }
    },
    "fsevents": {
      "version": "2.3.2",
      "resolved": "https://registry.npmjs.org/fsevents/-/fsevents-2.3.2.tgz",
      "integrity": "sha512-xiqMQR4xAeHTuB9uWm+fFRcIOgKBMiOBP+eXiyT7jsgVCq1bkVygt00oASowB7EdtpOHaaPgKt812P9ab+DDKA==",
      "optional": true
    },
    "glob-parent": {
      "version": "5.1.2",
      "resolved": "https://registry.npmjs.org/glob-parent/-/glob-parent-5.1.2.tgz",
      "integrity": "sha512-AOIgSQCepiJYwP3ARnGx+5VnTu2HBYdzbGP45eLw1vr3zB3vZLeyed1sC9hnbcOc9/SrMyM5RPQrkGz4aS9Zow==",
      "requires": {
        "is-glob": "^4.0.1"
      }
    },
    "immutable": {
      "version": "4.0.0",
      "resolved": "https://registry.npmjs.org/immutable/-/immutable-4.0.0.tgz",
      "integrity": "sha512-zIE9hX70qew5qTUjSS7wi1iwj/l7+m54KWU247nhM3v806UdGj1yDndXj+IOYxxtW9zyLI+xqFNZjTuDaLUqFw=="
    },
    "is-binary-path": {
      "version": "2.1.0",
      "resolved": "https://registry.npmjs.org/is-binary-path/-/is-binary-path-2.1.0.tgz",
      "integrity": "sha512-ZMERYes6pDydyuGidse7OsHxtbI7WVeUEozgR/g7rd0xUimYNlvZRE/K2MgZTjWy725IfelLeVcEM97mmtRGXw==",
      "requires": {
        "binary-extensions": "^2.0.0"
      }
    },
    "is-extglob": {
      "version": "2.1.1",
      "resolved": "https://registry.npmjs.org/is-extglob/-/is-extglob-2.1.1.tgz",
      "integrity": "sha1-qIwCU1eR8C7TfHahueqXc8gz+MI="
    },
    "is-glob": {
      "version": "4.0.3",
      "resolved": "https://registry.npmjs.org/is-glob/-/is-glob-4.0.3.tgz",
      "integrity": "sha512-xelSayHH36ZgE7ZWhli7pW34hNbNl8Ojv5KVmkJD4hBdD3th8Tfk9vYasLM+mXWOZhFkgZfxhLSnrwRr4elSSg==",
      "requires": {
        "is-extglob": "^2.1.1"
      }
    },
    "is-number": {
      "version": "7.0.0",
      "resolved": "https://registry.npmjs.org/is-number/-/is-number-7.0.0.tgz",
      "integrity": "sha512-41Cifkg6e8TylSpdtTpeLVMqvSBEVzTttHvERD741+pnZ8ANv0004MRL43QKPDlK9cGvNp6NZWZUBlbGXYxxng=="
    },
    "normalize-path": {
      "version": "3.0.0",
      "resolved": "https://registry.npmjs.org/normalize-path/-/normalize-path-3.0.0.tgz",
      "integrity": "sha512-6eZs5Ls3WtCisHWp9S2GUy8dqkpGi4BVSz3GaqiE6ezub0512ESztXUwUB6C6IKbQkY2Pnb/mD4WYojCRwcwLA=="
    },
    "picomatch": {
      "version": "2.3.1",
      "resolved": "https://registry.npmjs.org/picomatch/-/picomatch-2.3.1.tgz",
      "integrity": "sha512-JU3teHTNjmE2VCGFzuY8EXzCDVwEqB2a8fsIvwaStHhAWJEeVd1o1QD80CU6+ZdEXXSLbSsuLwJjkCBWqRQUVA=="
    },
    "readdirp": {
      "version": "3.6.0",
      "resolved": "https://registry.npmjs.org/readdirp/-/readdirp-3.6.0.tgz",
      "integrity": "sha512-hOS089on8RduqdbhvQ5Z37A0ESjsqz6qnRcffsMU3495FuTdqSm+7bhJ29JvIOsBDEEnan5DPu9t3To9VRlMzA==",
      "requires": {
        "picomatch": "^2.2.1"
      }
    },
    "sass": {
      "version": "1.49.0",
      "requires": {
        "chokidar": ">=3.0.0 <4.0.0",
        "immutable": "^4.0.0",
        "source-map-js": ">=0.6.2 <2.0.0"
      }
    },
    "source-map-js": {
      "version": "1.0.2",
      "resolved": "https://registry.npmjs.org/source-map-js/-/source-map-js-1.0.2.tgz",
      "integrity": "sha512-R0XvVJ9WusLiqTCEiGCmICCMplcCkIwwR11mOSD9CR5u+IXYdiseeEuXCVAjS54zqwkLcPNnmU4OeJ6tUrWhDw=="
    },
    "to-regex-range": {
      "version": "5.0.1",
      "resolved": "https://registry.npmjs.org/to-regex-range/-/to-regex-range-5.0.1.tgz",
      "integrity": "sha512-65P7iz6X5yEr1cwcgvQxbbIw7Uk3gOy5dIdtZ4rDveLqhrdJP+Li/Hx6tyK0NEb+2GCyneCMJiGqrADCSNk8sQ==",
      "requires": {
        "is-number": "^7.0.0"
      }
    }
  }
}
